// !$*UTF8*$!
{
	archiveVersion = 1;
	classes = {
	};
	objectVersion = 46;
	objects = {

/* Begin PBXBuildFile section */
		A8511AF31D7E5BBD0006F172 /* AppDelegate.swift in Sources */ = {isa = PBXBuildFile; fileRef = A8511AF21D7E5BBD0006F172 /* AppDelegate.swift */; };
		A8511AFB1D7E5BBD0006F172 /* tsc.xcdatamodeld in Sources */ = {isa = PBXBuildFile; fileRef = A8511AF91D7E5BBD0006F172 /* tsc.xcdatamodeld */; };
		A8511AFD1D7E5BBD0006F172 /* Assets.xcassets in Resources */ = {isa = PBXBuildFile; fileRef = A8511AFC1D7E5BBD0006F172 /* Assets.xcassets */; };
		A8511B001D7E5BBD0006F172 /* LaunchScreen.storyboard in Resources */ = {isa = PBXBuildFile; fileRef = A8511AFE1D7E5BBD0006F172 /* LaunchScreen.storyboard */; };
		A8511B081D7E5C260006F172 /* NavigationController.swift in Sources */ = {isa = PBXBuildFile; fileRef = A8511B071D7E5C260006F172 /* NavigationController.swift */; };
		A8511B0A1D7E5C320006F172 /* MainViewController.swift in Sources */ = {isa = PBXBuildFile; fileRef = A8511B091D7E5C320006F172 /* MainViewController.swift */; };
		A8511B0C1D7E5C540006F172 /* LoginViewController.swift in Sources */ = {isa = PBXBuildFile; fileRef = A8511B0B1D7E5C540006F172 /* LoginViewController.swift */; };
		A8511B0E1D7E5D7D0006F172 /* DiscoverViewController.swift in Sources */ = {isa = PBXBuildFile; fileRef = A8511B0D1D7E5D7D0006F172 /* DiscoverViewController.swift */; };
		A8511B101D7E5E3D0006F172 /* CartViewController.swift in Sources */ = {isa = PBXBuildFile; fileRef = A8511B0F1D7E5E3D0006F172 /* CartViewController.swift */; };
		A8511B121D7E63760006F172 /* UserViewController.swift in Sources */ = {isa = PBXBuildFile; fileRef = A8511B111D7E63760006F172 /* UserViewController.swift */; };
		A8511B141D7E64990006F172 /* Global.swift in Sources */ = {isa = PBXBuildFile; fileRef = A8511B131D7E64990006F172 /* Global.swift */; };
		A8511B161D7E77340006F172 /* PView.swift in Sources */ = {isa = PBXBuildFile; fileRef = A8511B151D7E77340006F172 /* PView.swift */; };
		A8511B181D7EB1890006F172 /* RightTableViewDD.swift in Sources */ = {isa = PBXBuildFile; fileRef = A8511B171D7EB1890006F172 /* RightTableViewDD.swift */; };
		A8511B1A1D7EB7520006F172 /* UIImage+.swift in Sources */ = {isa = PBXBuildFile; fileRef = A8511B191D7EB7520006F172 /* UIImage+.swift */; };
/* End PBXBuildFile section */

/* Begin PBXFileReference section */
		A8511AEF1D7E5BBD0006F172 /* tsc.app */ = {isa = PBXFileReference; explicitFileType = wrapper.application; includeInIndex = 0; path = tsc.app; sourceTree = BUILT_PRODUCTS_DIR; };
		A8511AF21D7E5BBD0006F172 /* AppDelegate.swift */ = {isa = PBXFileReference; lastKnownFileType = sourcecode.swift; path = AppDelegate.swift; sourceTree = "<group>"; };
		A8511AFA1D7E5BBD0006F172 /* tsc.xcdatamodel */ = {isa = PBXFileReference; lastKnownFileType = wrapper.xcdatamodel; path = tsc.xcdatamodel; sourceTree = "<group>"; };
		A8511AFC1D7E5BBD0006F172 /* Assets.xcassets */ = {isa = PBXFileReference; lastKnownFileType = folder.assetcatalog; path = Assets.xcassets; sourceTree = "<group>"; };
		A8511AFF1D7E5BBD0006F172 /* Base */ = {isa = PBXFileReference; lastKnownFileType = file.storyboard; name = Base; path = Base.lproj/LaunchScreen.storyboard; sourceTree = "<group>"; };
		A8511B011D7E5BBD0006F172 /* Info.plist */ = {isa = PBXFileReference; lastKnownFileType = text.plist.xml; path = Info.plist; sourceTree = "<group>"; };
		A8511B071D7E5C260006F172 /* NavigationController.swift */ = {isa = PBXFileReference; fileEncoding = 4; lastKnownFileType = sourcecode.swift; path = NavigationController.swift; sourceTree = "<group>"; };
		A8511B091D7E5C320006F172 /* MainViewController.swift */ = {isa = PBXFileReference; fileEncoding = 4; lastKnownFileType = sourcecode.swift; path = MainViewController.swift; sourceTree = "<group>"; };
		A8511B0B1D7E5C540006F172 /* LoginViewController.swift */ = {isa = PBXFileReference; fileEncoding = 4; lastKnownFileType = sourcecode.swift; path = LoginViewController.swift; sourceTree = "<group>"; };
		A8511B0D1D7E5D7D0006F172 /* DiscoverViewController.swift */ = {isa = PBXFileReference; fileEncoding = 4; lastKnownFileType = sourcecode.swift; path = DiscoverViewController.swift; sourceTree = "<group>"; };
		A8511B0F1D7E5E3D0006F172 /* CartViewController.swift */ = {isa = PBXFileReference; fileEncoding = 4; lastKnownFileType = sourcecode.swift; path = CartViewController.swift; sourceTree = "<group>"; };
		A8511B111D7E63760006F172 /* UserViewController.swift */ = {isa = PBXFileReference; fileEncoding = 4; lastKnownFileType = sourcecode.swift; path = UserViewController.swift; sourceTree = "<group>"; };
		A8511B131D7E64990006F172 /* Global.swift */ = {isa = PBXFileReference; fileEncoding = 4; lastKnownFileType = sourcecode.swift; path = Global.swift; sourceTree = "<group>"; };
		A8511B151D7E77340006F172 /* PView.swift */ = {isa = PBXFileReference; fileEncoding = 4; lastKnownFileType = sourcecode.swift; path = PView.swift; sourceTree = "<group>"; };
		A8511B171D7EB1890006F172 /* RightTableViewDD.swift */ = {isa = PBXFileReference; fileEncoding = 4; lastKnownFileType = sourcecode.swift; path = RightTableViewDD.swift; sourceTree = "<group>"; };
		A8511B191D7EB7520006F172 /* UIImage+.swift */ = {isa = PBXFileReference; fileEncoding = 4; lastKnownFileType = sourcecode.swift; path = "UIImage+.swift"; sourceTree = "<group>"; };
/* End PBXFileReference section */

/* Begin PBXFrameworksBuildPhase section */
		A8511AEC1D7E5BBC0006F172 /* Frameworks */ = {
			isa = PBXFrameworksBuildPhase;
			buildActionMask = 2147483647;
			files = (
			);
			runOnlyForDeploymentPostprocessing = 0;
		};
/* End PBXFrameworksBuildPhase section */

/* Begin PBXGroup section */
		A8511AE61D7E5BBC0006F172 = {
			isa = PBXGroup;
			children = (
				A8511AF11D7E5BBD0006F172 /* tsc */,
				A8511AF01D7E5BBD0006F172 /* Products */,
			);
			sourceTree = "<group>";
		};
		A8511AF01D7E5BBD0006F172 /* Products */ = {
			isa = PBXGroup;
			children = (
				A8511AEF1D7E5BBD0006F172 /* tsc.app */,
			);
			name = Products;
			sourceTree = "<group>";
		};
		A8511AF11D7E5BBD0006F172 /* tsc */ = {
			isa = PBXGroup;
			children = (
				A8511AF21D7E5BBD0006F172 /* AppDelegate.swift */,
				A8511B131D7E64990006F172 /* Global.swift */,
				A8511B071D7E5C260006F172 /* NavigationController.swift */,
				A8511B091D7E5C320006F172 /* MainViewController.swift */,
				A8511B0D1D7E5D7D0006F172 /* DiscoverViewController.swift */,
				A8511B171D7EB1890006F172 /* RightTableViewDD.swift */,
				A8511B0F1D7E5E3D0006F172 /* CartViewController.swift */,
				A8511B0B1D7E5C540006F172 /* LoginViewController.swift */,
				A8511B111D7E63760006F172 /* UserViewController.swift */,
				A8511B151D7E77340006F172 /* PView.swift */,
				A8511B191D7EB7520006F172 /* UIImage+.swift */,
				A8511AFC1D7E5BBD0006F172 /* Assets.xcassets */,
				A8511AFE1D7E5BBD0006F172 /* LaunchScreen.storyboard */,
				A8511B011D7E5BBD0006F172 /* Info.plist */,
				A8511AF91D7E5BBD0006F172 /* tsc.xcdatamodeld */,
			);
			path = tsc;
			sourceTree = "<group>";
		};
/* End PBXGroup section */

/* Begin PBXNativeTarget section */
		A8511AEE1D7E5BBC0006F172 /* tsc */ = {
			isa = PBXNativeTarget;
			buildConfigurationList = A8511B041D7E5BBD0006F172 /* Build configuration list for PBXNativeTarget "tsc" */;
			buildPhases = (
				A8511AEB1D7E5BBC0006F172 /* Sources */,
				A8511AEC1D7E5BBC0006F172 /* Frameworks */,
				A8511AED1D7E5BBC0006F172 /* Resources */,
			);
			buildRules = (
			);
			dependencies = (
			);
			name = tsc;
			productName = tsc;
			productReference = A8511AEF1D7E5BBD0006F172 /* tsc.app */;
			productType = "com.apple.product-type.application";
		};
/* End PBXNativeTarget section */

/* Begin PBXProject section */
		A8511AE71D7E5BBC0006F172 /* Project object */ = {
			isa = PBXProject;
			attributes = {
				LastSwiftUpdateCheck = 0800;
				LastUpgradeCheck = 0800;
				ORGANIZATIONNAME = "yao xiao";
				TargetAttributes = {
					A8511AEE1D7E5BBC0006F172 = {
						CreatedOnToolsVersion = 8.0;
						DevelopmentTeam = 9VT3ZYNA9Y;
						ProvisioningStyle = Automatic;
					};
				};
			};
			buildConfigurationList = A8511AEA1D7E5BBC0006F172 /* Build configuration list for PBXProject "tsc" */;
			compatibilityVersion = "Xcode 3.2";
			developmentRegion = English;
			hasScannedForEncodings = 0;
			knownRegions = (
				en,
				Base,
			);
			mainGroup = A8511AE61D7E5BBC0006F172;
			productRefGroup = A8511AF01D7E5BBD0006F172 /* Products */;
			projectDirPath = "";
			projectRoot = "";
			targets = (
				A8511AEE1D7E5BBC0006F172 /* tsc */,
			);
		};
/* End PBXProject section */

/* Begin PBXResourcesBuildPhase section */
		A8511AED1D7E5BBC0006F172 /* Resources */ = {
			isa = PBXResourcesBuildPhase;
			buildActionMask = 2147483647;
			files = (
				A8511B001D7E5BBD0006F172 /* LaunchScreen.storyboard in Resources */,
				A8511AFD1D7E5BBD0006F172 /* Assets.xcassets in Resources */,
			);
			runOnlyForDeploymentPostprocessing = 0;
		};
/* End PBXResourcesBuildPhase section */

/* Begin PBXSourcesBuildPhase section */
		A8511AEB1D7E5BBC0006F172 /* Sources */ = {
			isa = PBXSourcesBuildPhase;
			buildActionMask = 2147483647;
			files = (
				A8511B0C1D7E5C540006F172 /* LoginViewController.swift in Sources */,
				A8511B161D7E77340006F172 /* PView.swift in Sources */,
				A8511B121D7E63760006F172 /* UserViewController.swift in Sources */,
				A8511B181D7EB1890006F172 /* RightTableViewDD.swift in Sources */,
				A8511AFB1D7E5BBD0006F172 /* tsc.xcdatamodeld in Sources */,
				A8511B101D7E5E3D0006F172 /* CartViewController.swift in Sources */,
				A8511B081D7E5C260006F172 /* NavigationController.swift in Sources */,
				A8511B0E1D7E5D7D0006F172 /* DiscoverViewController.swift in Sources */,
				A8511AF31D7E5BBD0006F172 /* AppDelegate.swift in Sources */,
				A8511B1A1D7EB7520006F172 /* UIImage+.swift in Sources */,
				A8511B0A1D7E5C320006F172 /* MainViewController.swift in Sources */,
				A8511B141D7E64990006F172 /* Global.swift in Sources */,
			);
			runOnlyForDeploymentPostprocessing = 0;
		};
/* End PBXSourcesBuildPhase section */

/* Begin PBXVariantGroup section */
		A8511AFE1D7E5BBD0006F172 /* LaunchScreen.storyboard */ = {
			isa = PBXVariantGroup;
			children = (
				A8511AFF1D7E5BBD0006F172 /* Base */,
			);
			name = LaunchScreen.storyboard;
			sourceTree = "<group>";
		};
/* End PBXVariantGroup section */

/* Begin XCBuildConfiguration section */
		A8511B021D7E5BBD0006F172 /* Debug */ = {
			isa = XCBuildConfiguration;
			buildSettings = {
				ALWAYS_SEARCH_USER_PATHS = NO;
				CLANG_ANALYZER_NONNULL = YES;
				CLANG_CXX_LANGUAGE_STANDARD = "gnu++0x";
				CLANG_CXX_LIBRARY = "libc++";
				CLANG_ENABLE_MODULES = YES;
				CLANG_ENABLE_OBJC_ARC = YES;
				CLANG_WARN_BOOL_CONVERSION = YES;
				CLANG_WARN_CONSTANT_CONVERSION = YES;
				CLANG_WARN_DIRECT_OBJC_ISA_USAGE = YES_ERROR;
				CLANG_WARN_DOCUMENTATION_COMMENTS = YES;
				CLANG_WARN_EMPTY_BODY = YES;
				CLANG_WARN_ENUM_CONVERSION = YES;
				CLANG_WARN_INFINITE_RECURSION = YES;
				CLANG_WARN_INT_CONVERSION = YES;
				CLANG_WARN_OBJC_ROOT_CLASS = YES_ERROR;
				CLANG_WARN_SUSPICIOUS_MOVES = YES;
				CLANG_WARN_UNREACHABLE_CODE = YES;
				CLANG_WARN__DUPLICATE_METHOD_MATCH = YES;
				"CODE_SIGN_IDENTITY[sdk=iphoneos*]" = "iPhone Developer";
				COPY_PHASE_STRIP = NO;
				DEBUG_INFORMATION_FORMAT = dwarf;
				ENABLE_STRICT_OBJC_MSGSEND = YES;
				ENABLE_TESTABILITY = YES;
				GCC_C_LANGUAGE_STANDARD = gnu99;
				GCC_DYNAMIC_NO_PIC = NO;
				GCC_NO_COMMON_BLOCKS = YES;
				GCC_OPTIMIZATION_LEVEL = 0;
				GCC_PREPROCESSOR_DEFINITIONS = (
					"DEBUG=1",
					"$(inherited)",
				);
				GCC_WARN_64_TO_32_BIT_CONVERSION = YES;
				GCC_WARN_ABOUT_RETURN_TYPE = YES_ERROR;
				GCC_WARN_UNDECLARED_SELECTOR = YES;
				GCC_WARN_UNINITIALIZED_AUTOS = YES_AGGRESSIVE;
				GCC_WARN_UNUSED_FUNCTION = YES;
				GCC_WARN_UNUSED_VARIABLE = YES;
				IPHONEOS_DEPLOYMENT_TARGET = 10.0;
				MTL_ENABLE_DEBUG_INFO = YES;
				ONLY_ACTIVE_ARCH = YES;
				SDKROOT = iphoneos;
				SWIFT_ACTIVE_COMPILATION_CONDITIONS = DEBUG;
				SWIFT_OPTIMIZATION_LEVEL = "-Onone";
			};
			name = Debug;
		};
		A8511B031D7E5BBD0006F172 /* Release */ = {
			isa = XCBuildConfiguration;
			buildSettings = {
				ALWAYS_SEARCH_USER_PATHS = NO;
				CLANG_ANALYZER_NONNULL = YES;
				CLANG_CXX_LANGUAGE_STANDARD = "gnu++0x";
				CLANG_CXX_LIBRARY = "libc++";
				CLANG_ENABLE_MODULES = YES;
				CLANG_ENABLE_OBJC_ARC = YES;
				CLANG_WARN_BOOL_CONVERSION = YES;
				CLANG_WARN_CONSTANT_CONVERSION = YES;
				CLANG_WARN_DIRECT_OBJC_ISA_USAGE = YES_ERROR;
				CLANG_WARN_DOCUMENTATION_COMMENTS = YES;
				CLANG_WARN_EMPTY_BODY = YES;
				CLANG_WARN_ENUM_CONVERSION = YES;
				CLANG_WARN_INFINITE_RECURSION = YES;
				CLANG_WARN_INT_CONVERSION = YES;
				CLANG_WARN_OBJC_ROOT_CLASS = YES_ERROR;
				CLANG_WARN_SUSPICIOUS_MOVES = YES;
				CLANG_WARN_UNREACHABLE_CODE = YES;
				CLANG_WARN__DUPLICATE_METHOD_MATCH = YES;
				"CODE_SIGN_IDENTITY[sdk=iphoneos*]" = "iPhone Developer";
				COPY_PHASE_STRIP = NO;
				DEBUG_INFORMATION_FORMAT = "dwarf-with-dsym";
				ENABLE_NS_ASSERTIONS = NO;
				ENABLE_STRICT_OBJC_MSGSEND = YES;
				GCC_C_LANGUAGE_STANDARD = gnu99;
				GCC_NO_COMMON_BLOCKS = YES;
				GCC_WARN_64_TO_32_BIT_CONVERSION = YES;
				GCC_WARN_ABOUT_RETURN_TYPE = YES_ERROR;
				GCC_WARN_UNDECLARED_SELECTOR = YES;
				GCC_WARN_UNINITIALIZED_AUTOS = YES_AGGRESSIVE;
				GCC_WARN_UNUSED_FUNCTION = YES;
				GCC_WARN_UNUSED_VARIABLE = YES;
				IPHONEOS_DEPLOYMENT_TARGET = 10.0;
				MTL_ENABLE_DEBUG_INFO = NO;
				SDKROOT = iphoneos;
				SWIFT_OPTIMIZATION_LEVEL = "-Owholemodule";
				VALIDATE_PRODUCT = YES;
			};
			name = Release;
		};
		A8511B051D7E5BBD0006F172 /* Debug */ = {
			isa = XCBuildConfiguration;
			buildSettings = {
				ASSETCATALOG_COMPILER_APPICON_NAME = AppIcon;
				DEVELOPMENT_TEAM = 9VT3ZYNA9Y;
				INFOPLIST_FILE = tsc/Info.plist;
				LD_RUNPATH_SEARCH_PATHS = "$(inherited) @executable_path/Frameworks";
				PRODUCT_BUNDLE_IDENTIFIER = com.xiaoyao.tsc;
				PRODUCT_NAME = "$(TARGET_NAME)";
				SWIFT_VERSION = 3.0;
			};
			name = Debug;
		};
		A8511B061D7E5BBD0006F172 /* Release */ = {
			isa = XCBuildConfiguration;
			buildSettings = {
				ASSETCATALOG_COMPILER_APPICON_NAME = AppIcon;
				DEVELOPMENT_TEAM = 9VT3ZYNA9Y;
				INFOPLIST_FILE = tsc/Info.plist;
				LD_RUNPATH_SEARCH_PATHS = "$(inherited) @executable_path/Frameworks";
				PRODUCT_BUNDLE_IDENTIFIER = com.xiaoyao.tsc;
				PRODUCT_NAME = "$(TARGET_NAME)";
				SWIFT_VERSION = 3.0;
			};
			name = Release;
		};
/* End XCBuildConfiguration section */

/* Begin XCConfigurationList section */
		A8511AEA1D7E5BBC0006F172 /* Build configuration list for PBXProject "tsc" */ = {
			isa = XCConfigurationList;
			buildConfigurations = (
				A8511B021D7E5BBD0006F172 /* Debug */,
				A8511B031D7E5BBD0006F172 /* Release */,
			);
			defaultConfigurationIsVisible = 0;
			defaultConfigurationName = Release;
		};
		A8511B041D7E5BBD0006F172 /* Build configuration list for PBXNativeTarget "tsc" */ = {
			isa = XCConfigurationList;
			buildConfigurations = (
				A8511B051D7E5BBD0006F172 /* Debug */,
				A8511B061D7E5BBD0006F172 /* Release */,
			);
			defaultConfigurationIsVisible = 0;
		};
/* End XCConfigurationList section */

/* Begin XCVersionGroup section */
		A8511AF91D7E5BBD0006F172 /* tsc.xcdatamodeld */ = {
			isa = XCVersionGroup;
			children = (
				A8511AFA1D7E5BBD0006F172 /* tsc.xcdatamodel */,
			);
			currentVersion = A8511AFA1D7E5BBD0006F172 /* tsc.xcdatamodel */;
			path = tsc.xcdatamodeld;
			sourceTree = "<group>";
			versionGroupType = wrapper.xcdatamodel;
		};
/* End XCVersionGroup section */
	};
	rootObject = A8511AE71D7E5BBC0006F172 /* Project object */;
}
